
Microsoft Visual Studio Solution File, Format Version 12.00
# Visual Studio Version 16
VisualStudioVersion = 25.0.1704.2
MinimumVisualStudioVersion = 10.0.40219.1
Project("{FAE04EC0-301F-11D3-BF4B-00C04F79EFBC}") = "Decimal", "Decimal.csproj", "{0EFC98B3-02F6-49BD-ADAB-3F05E4388A1E}"
EndProject
Global
	GlobalSection(SolutionConfigurationPlatforms) = preSolution
		Debug|Any CPU = Debug|Any CPU
		Release|Any CPU = Release|Any CPU
	EndGlobalSection
	GlobalSection(ProjectConfigurationPlatforms) = postSolution
		{0EFC98B3-02F6-49BD-ADAB-3F05E4388A1E}.Debug|Any CPU.ActiveCfg = Debug|Any CPU
		{0EFC98B3-02F6-49BD-ADAB-3F05E4388A1E}.Debug|Any CPU.Build.0 = Debug|Any CPU
		{0EFC98B3-02F6-49BD-ADAB-3F05E4388A1E}.Release|Any CPU.ActiveCfg = Release|Any CPU
		{0EFC98B3-02F6-49BD-ADAB-3F05E4388A1E}.Release|Any CPU.Build.0 = Release|Any CPU
	EndGlobalSection
	GlobalSection(SolutionProperties) = preSolution
		HideSolutionNode = FALSE
	EndGlobalSection
	GlobalSection(ExtensibilityGlobals) = postSolution
		SolutionGuid = {CF48A350-6341-4472-A23B-7BF1EB53058A}
	EndGlobalSection
EndGlobal
