
Microsoft Visual Studio Solution File, Format Version 12.00
# Visual Studio Version 16
VisualStudioVersion = 25.0.1704.2
MinimumVisualStudioVersion = 10.0.40219.1
Project("{FAE04EC0-301F-11D3-BF4B-00C04F79EFBC}") = "Bool", "Bool.csproj", "{7631FF13-4DFF-4A94-A5D2-E9FA409F1F95}"
EndProject
Global
	GlobalSection(SolutionConfigurationPlatforms) = preSolution
		Debug|Any CPU = Debug|Any CPU
		Release|Any CPU = Release|Any CPU
	EndGlobalSection
	GlobalSection(ProjectConfigurationPlatforms) = postSolution
		{7631FF13-4DFF-4A94-A5D2-E9FA409F1F95}.Debug|Any CPU.ActiveCfg = Debug|Any CPU
		{7631FF13-4DFF-4A94-A5D2-E9FA409F1F95}.Debug|Any CPU.Build.0 = Debug|Any CPU
		{7631FF13-4DFF-4A94-A5D2-E9FA409F1F95}.Release|Any CPU.ActiveCfg = Release|Any CPU
		{7631FF13-4DFF-4A94-A5D2-E9FA409F1F95}.Release|Any CPU.Build.0 = Release|Any CPU
	EndGlobalSection
	GlobalSection(SolutionProperties) = preSolution
		HideSolutionNode = FALSE
	EndGlobalSection
	GlobalSection(ExtensibilityGlobals) = postSolution
		SolutionGuid = {D0721934-6424-4EC9-BA91-08F1447DEEA4}
	EndGlobalSection
EndGlobal
