
Microsoft Visual Studio Solution File, Format Version 12.00
# Visual Studio Version 16
VisualStudioVersion = 25.0.1704.2
MinimumVisualStudioVersion = 10.0.40219.1
Project("{FAE04EC0-301F-11D3-BF4B-00C04F79EFBC}") = "String", "String.csproj", "{65A1BD50-18F1-4425-AA81-6B82F2FF1DF9}"
EndProject
Global
	GlobalSection(SolutionConfigurationPlatforms) = preSolution
		Debug|Any CPU = Debug|Any CPU
		Release|Any CPU = Release|Any CPU
	EndGlobalSection
	GlobalSection(ProjectConfigurationPlatforms) = postSolution
		{65A1BD50-18F1-4425-AA81-6B82F2FF1DF9}.Debug|Any CPU.ActiveCfg = Debug|Any CPU
		{65A1BD50-18F1-4425-AA81-6B82F2FF1DF9}.Debug|Any CPU.Build.0 = Debug|Any CPU
		{65A1BD50-18F1-4425-AA81-6B82F2FF1DF9}.Release|Any CPU.ActiveCfg = Release|Any CPU
		{65A1BD50-18F1-4425-AA81-6B82F2FF1DF9}.Release|Any CPU.Build.0 = Release|Any CPU
	EndGlobalSection
	GlobalSection(SolutionProperties) = preSolution
		HideSolutionNode = FALSE
	EndGlobalSection
	GlobalSection(ExtensibilityGlobals) = postSolution
		SolutionGuid = {C62AC88F-4705-4B37-9E7C-3A7E4F14B76A}
	EndGlobalSection
EndGlobal
